{
  "name": "PTECzestochowa_Official",
  "lockfileVersion": 3,
  "requires": true,
  "packages": {
    "": {
      "dependencies": {
        "jose": "^5.9.2"
      }
    },
    "node_modules/jose": {
      "version": "5.9.2",
      "resolved": "https://registry.npmjs.org/jose/-/jose-5.9.2.tgz",
      "integrity": "sha512-ILI2xx/I57b20sd7rHZvgiiQrmp2mcotwsAH+5ajbpFQbrYVQdNHYlQhoA5cFb78CgtBOxtC05TeA+mcgkuCqQ==",
      "funding": {
        "url": "https://github.com/sponsors/panva"
      }
    }
  }
}
